
Microsoft Visual Studio Solution File, Format Version 12.00
# Visual Studio Version 17
VisualStudioVersion = 17.13.35828.75 d17.13
MinimumVisualStudioVersion = 10.0.40219.1
Project("{FAE04EC0-301F-11D3-BF4B-00C04F79EFBC}") = "TesteCameraBasico", "TesteCameraBasico\TesteCameraBasico.csproj", "{90DADE78-A4FC-44BA-8041-9C4DEF3C10E0}"
EndProject
Global
	GlobalSection(SolutionConfigurationPlatforms) = preSolution
		Debug|Any CPU = Debug|Any CPU
		Release|Any CPU = Release|Any CPU
	EndGlobalSection
	GlobalSection(ProjectConfigurationPlatforms) = postSolution
		{90DADE78-A4FC-44BA-8041-9C4DEF3C10E0}.Debug|Any CPU.ActiveCfg = Debug|Any CPU
		{90DADE78-A4FC-44BA-8041-9C4DEF3C10E0}.Debug|Any CPU.Build.0 = Debug|Any CPU
		{90DADE78-A4FC-44BA-8041-9C4DEF3C10E0}.Release|Any CPU.ActiveCfg = Release|Any CPU
		{90DADE78-A4FC-44BA-8041-9C4DEF3C10E0}.Release|Any CPU.Build.0 = Release|Any CPU
	EndGlobalSection
	GlobalSection(SolutionProperties) = preSolution
		HideSolutionNode = FALSE
	EndGlobalSection
	GlobalSection(ExtensibilityGlobals) = postSolution
		SolutionGuid = {5DCB7C84-29B8-4610-8350-EC02B771E662}
	EndGlobalSection
EndGlobal
