
Microsoft Visual Studio Solution File, Format Version 12.00
# Visual Studio Version 17
VisualStudioVersion = 17.13.35828.75 d17.13
MinimumVisualStudioVersion = 10.0.40219.1
Project("{FAE04EC0-301F-11D3-BF4B-00C04F79EFBC}") = "Projeto_Controle_Basico", "Projeto_Controle_Basico\Projeto_Controle_Basico.csproj", "{83ED211A-9B57-4942-804F-51F404E278DB}"
EndProject
Global
	GlobalSection(SolutionConfigurationPlatforms) = preSolution
		Debug|Any CPU = Debug|Any CPU
		Release|Any CPU = Release|Any CPU
	EndGlobalSection
	GlobalSection(ProjectConfigurationPlatforms) = postSolution
		{83ED211A-9B57-4942-804F-51F404E278DB}.Debug|Any CPU.ActiveCfg = Debug|Any CPU
		{83ED211A-9B57-4942-804F-51F404E278DB}.Debug|Any CPU.Build.0 = Debug|Any CPU
		{83ED211A-9B57-4942-804F-51F404E278DB}.Release|Any CPU.ActiveCfg = Release|Any CPU
		{83ED211A-9B57-4942-804F-51F404E278DB}.Release|Any CPU.Build.0 = Release|Any CPU
	EndGlobalSection
	GlobalSection(SolutionProperties) = preSolution
		HideSolutionNode = FALSE
	EndGlobalSection
	GlobalSection(ExtensibilityGlobals) = postSolution
		SolutionGuid = {D9FF4D49-3842-45EA-A18E-2C55A28C94E7}
	EndGlobalSection
EndGlobal
